
Microsoft Visual Studio Solution File, Format Version 12.00
# Visual Studio Version 16
VisualStudioVersion = 16.0.29102.190
MinimumVisualStudioVersion = 15.0.26124.0
Project("{9A19103F-16F7-4668-BE54-9A1E7A4F7556}") = "HaProxy.Api", "HaProxy.Api\HaProxy.Api.csproj", "{9E7E3BC2-152C-4144-8830-933A0009E774}"
EndProject
Project("{9A19103F-16F7-4668-BE54-9A1E7A4F7556}") = "HaProxy.Api.Tests", "HaProxy.Api.Tests\HaProxy.Api.Tests.csproj", "{34635899-10D5-4C68-9EC3-BE1090F3CDA0}"
EndProject
Project("{2150E333-8FDC-42A3-9474-1A3956D46DE8}") = "Solution Items", "Solution Items", "{EE4F2AAA-9C97-47AD-B745-3C16A94AF495}"
	ProjectSection(SolutionItems) = preProject
		README.md = README.md
	EndProjectSection
EndProject
Project("{9A19103F-16F7-4668-BE54-9A1E7A4F7556}") = "HaProxy.Client", "HaProxy.Client\HaProxy.Client.csproj", "{6AACC752-C83A-43DB-83C3-0DA516344670}"
EndProject
Project("{FAE04EC0-301F-11D3-BF4B-00C04F79EFBC}") = "HaProxyApi", "HaProxyApi\HaProxyApi.csproj", "{947E8230-088A-4626-9946-3D041FA959FC}"
EndProject
Project("{FAE04EC0-301F-11D3-BF4B-00C04F79EFBC}") = "HaProxyApiConsole", "HaProxyApiConsole\HaProxyApiConsole.csproj", "{FE015803-97F5-4877-9832-190D8784ACAF}"
EndProject
Global
	GlobalSection(SolutionConfigurationPlatforms) = preSolution
		Debug|Any CPU = Debug|Any CPU
		Debug|x64 = Debug|x64
		Debug|x86 = Debug|x86
		Release|Any CPU = Release|Any CPU
		Release|x64 = Release|x64
		Release|x86 = Release|x86
	EndGlobalSection
	GlobalSection(ProjectConfigurationPlatforms) = postSolution
		{9E7E3BC2-152C-4144-8830-933A0009E774}.Debug|Any CPU.ActiveCfg = Debug|Any CPU
		{9E7E3BC2-152C-4144-8830-933A0009E774}.Debug|Any CPU.Build.0 = Debug|Any CPU
		{9E7E3BC2-152C-4144-8830-933A0009E774}.Debug|x64.ActiveCfg = Debug|Any CPU
		{9E7E3BC2-152C-4144-8830-933A0009E774}.Debug|x64.Build.0 = Debug|Any CPU
		{9E7E3BC2-152C-4144-8830-933A0009E774}.Debug|x86.ActiveCfg = Debug|Any CPU
		{9E7E3BC2-152C-4144-8830-933A0009E774}.Debug|x86.Build.0 = Debug|Any CPU
		{9E7E3BC2-152C-4144-8830-933A0009E774}.Release|Any CPU.ActiveCfg = Release|Any CPU
		{9E7E3BC2-152C-4144-8830-933A0009E774}.Release|Any CPU.Build.0 = Release|Any CPU
		{9E7E3BC2-152C-4144-8830-933A0009E774}.Release|x64.ActiveCfg = Release|Any CPU
		{9E7E3BC2-152C-4144-8830-933A0009E774}.Release|x64.Build.0 = Release|Any CPU
		{9E7E3BC2-152C-4144-8830-933A0009E774}.Release|x86.ActiveCfg = Release|Any CPU
		{9E7E3BC2-152C-4144-8830-933A0009E774}.Release|x86.Build.0 = Release|Any CPU
		{34635899-10D5-4C68-9EC3-BE1090F3CDA0}.Debug|Any CPU.ActiveCfg = Debug|Any CPU
		{34635899-10D5-4C68-9EC3-BE1090F3CDA0}.Debug|Any CPU.Build.0 = Debug|Any CPU
		{34635899-10D5-4C68-9EC3-BE1090F3CDA0}.Debug|x64.ActiveCfg = Debug|Any CPU
		{34635899-10D5-4C68-9EC3-BE1090F3CDA0}.Debug|x64.Build.0 = Debug|Any CPU
		{34635899-10D5-4C68-9EC3-BE1090F3CDA0}.Debug|x86.ActiveCfg = Debug|Any CPU
		{34635899-10D5-4C68-9EC3-BE1090F3CDA0}.Debug|x86.Build.0 = Debug|Any CPU
		{34635899-10D5-4C68-9EC3-BE1090F3CDA0}.Release|Any CPU.ActiveCfg = Release|Any CPU
		{34635899-10D5-4C68-9EC3-BE1090F3CDA0}.Release|Any CPU.Build.0 = Release|Any CPU
		{34635899-10D5-4C68-9EC3-BE1090F3CDA0}.Release|x64.ActiveCfg = Release|Any CPU
		{34635899-10D5-4C68-9EC3-BE1090F3CDA0}.Release|x64.Build.0 = Release|Any CPU
		{34635899-10D5-4C68-9EC3-BE1090F3CDA0}.Release|x86.ActiveCfg = Release|Any CPU
		{34635899-10D5-4C68-9EC3-BE1090F3CDA0}.Release|x86.Build.0 = Release|Any CPU
		{6AACC752-C83A-43DB-83C3-0DA516344670}.Debug|Any CPU.ActiveCfg = Debug|Any CPU
		{6AACC752-C83A-43DB-83C3-0DA516344670}.Debug|Any CPU.Build.0 = Debug|Any CPU
		{6AACC752-C83A-43DB-83C3-0DA516344670}.Debug|x64.ActiveCfg = Debug|Any CPU
		{6AACC752-C83A-43DB-83C3-0DA516344670}.Debug|x64.Build.0 = Debug|Any CPU
		{6AACC752-C83A-43DB-83C3-0DA516344670}.Debug|x86.ActiveCfg = Debug|Any CPU
		{6AACC752-C83A-43DB-83C3-0DA516344670}.Debug|x86.Build.0 = Debug|Any CPU
		{6AACC752-C83A-43DB-83C3-0DA516344670}.Release|Any CPU.ActiveCfg = Release|Any CPU
		{6AACC752-C83A-43DB-83C3-0DA516344670}.Release|Any CPU.Build.0 = Release|Any CPU
		{6AACC752-C83A-43DB-83C3-0DA516344670}.Release|x64.ActiveCfg = Release|Any CPU
		{6AACC752-C83A-43DB-83C3-0DA516344670}.Release|x64.Build.0 = Release|Any CPU
		{6AACC752-C83A-43DB-83C3-0DA516344670}.Release|x86.ActiveCfg = Release|Any CPU
		{6AACC752-C83A-43DB-83C3-0DA516344670}.Release|x86.Build.0 = Release|Any CPU
		{947E8230-088A-4626-9946-3D041FA959FC}.Debug|Any CPU.ActiveCfg = Debug|Any CPU
		{947E8230-088A-4626-9946-3D041FA959FC}.Debug|Any CPU.Build.0 = Debug|Any CPU
		{947E8230-088A-4626-9946-3D041FA959FC}.Debug|x64.ActiveCfg = Debug|Any CPU
		{947E8230-088A-4626-9946-3D041FA959FC}.Debug|x64.Build.0 = Debug|Any CPU
		{947E8230-088A-4626-9946-3D041FA959FC}.Debug|x86.ActiveCfg = Debug|Any CPU
		{947E8230-088A-4626-9946-3D041FA959FC}.Debug|x86.Build.0 = Debug|Any CPU
		{947E8230-088A-4626-9946-3D041FA959FC}.Release|Any CPU.ActiveCfg = Release|Any CPU
		{947E8230-088A-4626-9946-3D041FA959FC}.Release|Any CPU.Build.0 = Release|Any CPU
		{947E8230-088A-4626-9946-3D041FA959FC}.Release|x64.ActiveCfg = Release|Any CPU
		{947E8230-088A-4626-9946-3D041FA959FC}.Release|x64.Build.0 = Release|Any CPU
		{947E8230-088A-4626-9946-3D041FA959FC}.Release|x86.ActiveCfg = Release|Any CPU
		{947E8230-088A-4626-9946-3D041FA959FC}.Release|x86.Build.0 = Release|Any CPU
		{FE015803-97F5-4877-9832-190D8784ACAF}.Debug|Any CPU.ActiveCfg = Debug|Any CPU
		{FE015803-97F5-4877-9832-190D8784ACAF}.Debug|Any CPU.Build.0 = Debug|Any CPU
		{FE015803-97F5-4877-9832-190D8784ACAF}.Debug|x64.ActiveCfg = Debug|Any CPU
		{FE015803-97F5-4877-9832-190D8784ACAF}.Debug|x64.Build.0 = Debug|Any CPU
		{FE015803-97F5-4877-9832-190D8784ACAF}.Debug|x86.ActiveCfg = Debug|Any CPU
		{FE015803-97F5-4877-9832-190D8784ACAF}.Debug|x86.Build.0 = Debug|Any CPU
		{FE015803-97F5-4877-9832-190D8784ACAF}.Release|Any CPU.ActiveCfg = Release|Any CPU
		{FE015803-97F5-4877-9832-190D8784ACAF}.Release|Any CPU.Build.0 = Release|Any CPU
		{FE015803-97F5-4877-9832-190D8784ACAF}.Release|x64.ActiveCfg = Release|Any CPU
		{FE015803-97F5-4877-9832-190D8784ACAF}.Release|x64.Build.0 = Release|Any CPU
		{FE015803-97F5-4877-9832-190D8784ACAF}.Release|x86.ActiveCfg = Release|Any CPU
		{FE015803-97F5-4877-9832-190D8784ACAF}.Release|x86.Build.0 = Release|Any CPU
	EndGlobalSection
	GlobalSection(SolutionProperties) = preSolution
		HideSolutionNode = FALSE
	EndGlobalSection
	GlobalSection(ExtensibilityGlobals) = postSolution
		SolutionGuid = {9DB5A161-EA6A-4F26-85A7-2647355F7571}
	EndGlobalSection
EndGlobal
